// !$*UTF8*$!
{
	archiveVersion = 1;
	classes = {
	};
	objectVersion = 50;
	objects = {

/* Begin PBXBuildFile section */
		DB43D607256E44620056A9BF /* GameController.swift in Sources */ = {isa = PBXBuildFile; fileRef = DB43D606256E44620056A9BF /* GameController.swift */; };
		DB43D60B256ECBD40056A9BF /* Sudoko.swift in Sources */ = {isa = PBXBuildFile; fileRef = DB43D60A256ECBD40056A9BF /* Sudoko.swift */; };
		DB942F3E256AA35300CDA0C3 /* AppDelegate.swift in Sources */ = {isa = PBXBuildFile; fileRef = DB942F3D256AA35300CDA0C3 /* AppDelegate.swift */; };
		DB942F40256AA35300CDA0C3 /* SceneDelegate.swift in Sources */ = {isa = PBXBuildFile; fileRef = DB942F3F256AA35300CDA0C3 /* SceneDelegate.swift */; };
		DB942F42256AA35300CDA0C3 /* ViewController.swift in Sources */ = {isa = PBXBuildFile; fileRef = DB942F41256AA35300CDA0C3 /* ViewController.swift */; };
		DB942F45256AA35300CDA0C3 /* Main.storyboard in Resources */ = {isa = PBXBuildFile; fileRef = DB942F43256AA35300CDA0C3 /* Main.storyboard */; };
		DB942F47256AA35400CDA0C3 /* Assets.xcassets in Resources */ = {isa = PBXBuildFile; fileRef = DB942F46256AA35400CDA0C3 /* Assets.xcassets */; };
		DB942F4A256AA35400CDA0C3 /* LaunchScreen.storyboard in Resources */ = {isa = PBXBuildFile; fileRef = DB942F48256AA35400CDA0C3 /* LaunchScreen.storyboard */; };
		DB942F53256AA3F400CDA0C3 /* CellCVCell.swift in Sources */ = {isa = PBXBuildFile; fileRef = DB942F52256AA3F400CDA0C3 /* CellCVCell.swift */; };
		DB942F57256AAF5E00CDA0C3 /* Raster.swift in Sources */ = {isa = PBXBuildFile; fileRef = DB942F56256AAF5E00CDA0C3 /* Raster.swift */; };
		DB942F5B256AD6A700CDA0C3 /* NumberPad.swift in Sources */ = {isa = PBXBuildFile; fileRef = DB942F5A256AD6A700CDA0C3 /* NumberPad.swift */; };
		DB9CD4D4256C3AC700356563 /* BoardController.swift in Sources */ = {isa = PBXBuildFile; fileRef = DB9CD4D3256C3AC700356563 /* BoardController.swift */; };
/* End PBXBuildFile section */

/* Begin PBXFileReference section */
		DB43D606256E44620056A9BF /* GameController.swift */ = {isa = PBXFileReference; lastKnownFileType = sourcecode.swift; path = GameController.swift; sourceTree = "<group>"; };
		DB43D60A256ECBD40056A9BF /* Sudoko.swift */ = {isa = PBXFileReference; lastKnownFileType = sourcecode.swift; path = Sudoko.swift; sourceTree = "<group>"; };
		DB942F3A256AA35300CDA0C3 /* SudokoGame.app */ = {isa = PBXFileReference; explicitFileType = wrapper.application; includeInIndex = 0; path = SudokoGame.app; sourceTree = BUILT_PRODUCTS_DIR; };
		DB942F3D256AA35300CDA0C3 /* AppDelegate.swift */ = {isa = PBXFileReference; lastKnownFileType = sourcecode.swift; path = AppDelegate.swift; sourceTree = "<group>"; };
		DB942F3F256AA35300CDA0C3 /* SceneDelegate.swift */ = {isa = PBXFileReference; lastKnownFileType = sourcecode.swift; path = SceneDelegate.swift; sourceTree = "<group>"; };
		DB942F41256AA35300CDA0C3 /* ViewController.swift */ = {isa = PBXFileReference; indentWidth = 1; lastKnownFileType = sourcecode.swift; path = ViewController.swift; sourceTree = "<group>"; tabWidth = 1; };
		DB942F44256AA35300CDA0C3 /* Base */ = {isa = PBXFileReference; lastKnownFileType = file.storyboard; name = Base; path = Base.lproj/Main.storyboard; sourceTree = "<group>"; };
		DB942F46256AA35400CDA0C3 /* Assets.xcassets */ = {isa = PBXFileReference; lastKnownFileType = folder.assetcatalog; path = Assets.xcassets; sourceTree = "<group>"; };
		DB942F49256AA35400CDA0C3 /* Base */ = {isa = PBXFileReference; lastKnownFileType = file.storyboard; name = Base; path = Base.lproj/LaunchScreen.storyboard; sourceTree = "<group>"; };
		DB942F4B256AA35400CDA0C3 /* Info.plist */ = {isa = PBXFileReference; lastKnownFileType = text.plist.xml; path = Info.plist; sourceTree = "<group>"; };
		DB942F52256AA3F400CDA0C3 /* CellCVCell.swift */ = {isa = PBXFileReference; lastKnownFileType = sourcecode.swift; path = CellCVCell.swift; sourceTree = "<group>"; };
		DB942F56256AAF5E00CDA0C3 /* Raster.swift */ = {isa = PBXFileReference; lastKnownFileType = sourcecode.swift; path = Raster.swift; sourceTree = "<group>"; };
		DB942F5A256AD6A700CDA0C3 /* NumberPad.swift */ = {isa = PBXFileReference; lastKnownFileType = sourcecode.swift; path = NumberPad.swift; sourceTree = "<group>"; };
		DB9CD4D3256C3AC700356563 /* BoardController.swift */ = {isa = PBXFileReference; lastKnownFileType = sourcecode.swift; path = BoardController.swift; sourceTree = "<group>"; };
/* End PBXFileReference section */

/* Begin PBXFrameworksBuildPhase section */
		DB942F37256AA35300CDA0C3 /* Frameworks */ = {
			isa = PBXFrameworksBuildPhase;
			buildActionMask = 2147483647;
			files = (
			);
			runOnlyForDeploymentPostprocessing = 0;
		};
/* End PBXFrameworksBuildPhase section */

/* Begin PBXGroup section */
		DB942F31256AA35300CDA0C3 = {
			isa = PBXGroup;
			children = (
				DB942F3C256AA35300CDA0C3 /* SudokoGame */,
				DB942F3B256AA35300CDA0C3 /* Products */,
			);
			sourceTree = "<group>";
		};
		DB942F3B256AA35300CDA0C3 /* Products */ = {
			isa = PBXGroup;
			children = (
				DB942F3A256AA35300CDA0C3 /* SudokoGame.app */,
			);
			name = Products;
			sourceTree = "<group>";
		};
		DB942F3C256AA35300CDA0C3 /* SudokoGame */ = {
			isa = PBXGroup;
			children = (
				DB942F3D256AA35300CDA0C3 /* AppDelegate.swift */,
				DB942F3F256AA35300CDA0C3 /* SceneDelegate.swift */,
				DB942F41256AA35300CDA0C3 /* ViewController.swift */,
				DB43D606256E44620056A9BF /* GameController.swift */,
				DB43D60A256ECBD40056A9BF /* Sudoko.swift */,
				DB942F52256AA3F400CDA0C3 /* CellCVCell.swift */,
				DB942F56256AAF5E00CDA0C3 /* Raster.swift */,
				DB942F43256AA35300CDA0C3 /* Main.storyboard */,
				DB942F46256AA35400CDA0C3 /* Assets.xcassets */,
				DB942F48256AA35400CDA0C3 /* LaunchScreen.storyboard */,
				DB942F4B256AA35400CDA0C3 /* Info.plist */,
				DB942F5A256AD6A700CDA0C3 /* NumberPad.swift */,
				DB9CD4D3256C3AC700356563 /* BoardController.swift */,
			);
			path = SudokoGame;
			sourceTree = "<group>";
		};
/* End PBXGroup section */

/* Begin PBXNativeTarget section */
		DB942F39256AA35300CDA0C3 /* SudokoGame */ = {
			isa = PBXNativeTarget;
			buildConfigurationList = DB942F4E256AA35400CDA0C3 /* Build configuration list for PBXNativeTarget "SudokoGame" */;
			buildPhases = (
				DB942F36256AA35300CDA0C3 /* Sources */,
				DB942F37256AA35300CDA0C3 /* Frameworks */,
				DB942F38256AA35300CDA0C3 /* Resources */,
			);
			buildRules = (
			);
			dependencies = (
			);
			name = SudokoGame;
			productName = SudokoGame;
			productReference = DB942F3A256AA35300CDA0C3 /* SudokoGame.app */;
			productType = "com.apple.product-type.application";
		};
/* End PBXNativeTarget section */

/* Begin PBXProject section */
		DB942F32256AA35300CDA0C3 /* Project object */ = {
			isa = PBXProject;
			attributes = {
				LastSwiftUpdateCheck = 1220;
				LastUpgradeCheck = 1220;
				TargetAttributes = {
					DB942F39256AA35300CDA0C3 = {
						CreatedOnToolsVersion = 12.2;
					};
				};
			};
			buildConfigurationList = DB942F35256AA35300CDA0C3 /* Build configuration list for PBXProject "SudokoGame" */;
			compatibilityVersion = "Xcode 9.3";
			developmentRegion = en;
			hasScannedForEncodings = 0;
			knownRegions = (
				en,
				Base,
			);
			mainGroup = DB942F31256AA35300CDA0C3;
			productRefGroup = DB942F3B256AA35300CDA0C3 /* Products */;
			projectDirPath = "";
			projectRoot = "";
			targets = (
				DB942F39256AA35300CDA0C3 /* SudokoGame */,
			);
		};
/* End PBXProject section */

/* Begin PBXResourcesBuildPhase section */
		DB942F38256AA35300CDA0C3 /* Resources */ = {
			isa = PBXResourcesBuildPhase;
			buildActionMask = 2147483647;
			files = (
				DB942F4A256AA35400CDA0C3 /* LaunchScreen.storyboard in Resources */,
				DB942F47256AA35400CDA0C3 /* Assets.xcassets in Resources */,
				DB942F45256AA35300CDA0C3 /* Main.storyboard in Resources */,
			);
			runOnlyForDeploymentPostprocessing = 0;
		};
/* End PBXResourcesBuildPhase section */

/* Begin PBXSourcesBuildPhase section */
		DB942F36256AA35300CDA0C3 /* Sources */ = {
			isa = PBXSourcesBuildPhase;
			buildActionMask = 2147483647;
			files = (
				DB942F5B256AD6A700CDA0C3 /* NumberPad.swift in Sources */,
				DB942F53256AA3F400CDA0C3 /* CellCVCell.swift in Sources */,
				DB9CD4D4256C3AC700356563 /* BoardController.swift in Sources */,
				DB942F42256AA35300CDA0C3 /* ViewController.swift in Sources */,
				DB942F3E256AA35300CDA0C3 /* AppDelegate.swift in Sources */,
				DB43D60B256ECBD40056A9BF /* Sudoko.swift in Sources */,
				DB43D607256E44620056A9BF /* GameController.swift in Sources */,
				DB942F57256AAF5E00CDA0C3 /* Raster.swift in Sources */,
				DB942F40256AA35300CDA0C3 /* SceneDelegate.swift in Sources */,
			);
			runOnlyForDeploymentPostprocessing = 0;
		};
/* End PBXSourcesBuildPhase section */

/* Begin PBXVariantGroup section */
		DB942F43256AA35300CDA0C3 /* Main.storyboard */ = {
			isa = PBXVariantGroup;
			children = (
				DB942F44256AA35300CDA0C3 /* Base */,
			);
			name = Main.storyboard;
			sourceTree = "<group>";
		};
		DB942F48256AA35400CDA0C3 /* LaunchScreen.storyboard */ = {
			isa = PBXVariantGroup;
			children = (
				DB942F49256AA35400CDA0C3 /* Base */,
			);
			name = LaunchScreen.storyboard;
			sourceTree = "<group>";
		};
/* End PBXVariantGroup section */

/* Begin XCBuildConfiguration section */
		DB942F4C256AA35400CDA0C3 /* Debug */ = {
			isa = XCBuildConfiguration;
			buildSettings = {
				ALWAYS_SEARCH_USER_PATHS = NO;
				CLANG_ANALYZER_NONNULL = YES;
				CLANG_ANALYZER_NUMBER_OBJECT_CONVERSION = YES_AGGRESSIVE;
				CLANG_CXX_LANGUAGE_STANDARD = "gnu++14";
				CLANG_CXX_LIBRARY = "libc++";
				CLANG_ENABLE_MODULES = YES;
				CLANG_ENABLE_OBJC_ARC = YES;
				CLANG_ENABLE_OBJC_WEAK = YES;
				CLANG_WARN_BLOCK_CAPTURE_AUTORELEASING = YES;
				CLANG_WARN_BOOL_CONVERSION = YES;
				CLANG_WARN_COMMA = YES;
				CLANG_WARN_CONSTANT_CONVERSION = YES;
				CLANG_WARN_DEPRECATED_OBJC_IMPLEMENTATIONS = YES;
				CLANG_WARN_DIRECT_OBJC_ISA_USAGE = YES_ERROR;
				CLANG_WARN_DOCUMENTATION_COMMENTS = YES;
				CLANG_WARN_EMPTY_BODY = YES;
				CLANG_WARN_ENUM_CONVERSION = YES;
				CLANG_WARN_INFINITE_RECURSION = YES;
				CLANG_WARN_INT_CONVERSION = YES;
				CLANG_WARN_NON_LITERAL_NULL_CONVERSION = YES;
				CLANG_WARN_OBJC_IMPLICIT_RETAIN_SELF = YES;
				CLANG_WARN_OBJC_LITERAL_CONVERSION = YES;
				CLANG_WARN_OBJC_ROOT_CLASS = YES_ERROR;
				CLANG_WARN_QUOTED_INCLUDE_IN_FRAMEWORK_HEADER = YES;
				CLANG_WARN_RANGE_LOOP_ANALYSIS = YES;
				CLANG_WARN_STRICT_PROTOTYPES = YES;
				CLANG_WARN_SUSPICIOUS_MOVE = YES;
				CLANG_WARN_UNGUARDED_AVAILABILITY = YES_AGGRESSIVE;
				CLANG_WARN_UNREACHABLE_CODE = YES;
				CLANG_WARN__DUPLICATE_METHOD_MATCH = YES;
				COPY_PHASE_STRIP = NO;
				DEBUG_INFORMATION_FORMAT = dwarf;
				ENABLE_STRICT_OBJC_MSGSEND = YES;
				ENABLE_TESTABILITY = YES;
				GCC_C_LANGUAGE_STANDARD = gnu11;
				GCC_DYNAMIC_NO_PIC = NO;
				GCC_NO_COMMON_BLOCKS = YES;
				GCC_OPTIMIZATION_LEVEL = 0;
				GCC_PREPROCESSOR_DEFINITIONS = (
					"DEBUG=1",
					"$(inherited)",
				);
				GCC_WARN_64_TO_32_BIT_CONVERSION = YES;
				GCC_WARN_ABOUT_RETURN_TYPE = YES_ERROR;
				GCC_WARN_UNDECLARED_SELECTOR = YES;
				GCC_WARN_UNINITIALIZED_AUTOS = YES_AGGRESSIVE;
				GCC_WARN_UNUSED_FUNCTION = YES;
				GCC_WARN_UNUSED_VARIABLE = YES;
				IPHONEOS_DEPLOYMENT_TARGET = 14.2;
				MTL_ENABLE_DEBUG_INFO = INCLUDE_SOURCE;
				MTL_FAST_MATH = YES;
				ONLY_ACTIVE_ARCH = YES;
				SDKROOT = iphoneos;
				SWIFT_ACTIVE_COMPILATION_CONDITIONS = DEBUG;
				SWIFT_OPTIMIZATION_LEVEL = "-Onone";
			};
			name = Debug;
		};
		DB942F4D256AA35400CDA0C3 /* Release */ = {
			isa = XCBuildConfiguration;
			buildSettings = {
				ALWAYS_SEARCH_USER_PATHS = NO;
				CLANG_ANALYZER_NONNULL = YES;
				CLANG_ANALYZER_NUMBER_OBJECT_CONVERSION = YES_AGGRESSIVE;
				CLANG_CXX_LANGUAGE_STANDARD = "gnu++14";
				CLANG_CXX_LIBRARY = "libc++";
				CLANG_ENABLE_MODULES = YES;
				CLANG_ENABLE_OBJC_ARC = YES;
				CLANG_ENABLE_OBJC_WEAK = YES;
				CLANG_WARN_BLOCK_CAPTURE_AUTORELEASING = YES;
				CLANG_WARN_BOOL_CONVERSION = YES;
				CLANG_WARN_COMMA = YES;
				CLANG_WARN_CONSTANT_CONVERSION = YES;
				CLANG_WARN_DEPRECATED_OBJC_IMPLEMENTATIONS = YES;
				CLANG_WARN_DIRECT_OBJC_ISA_USAGE = YES_ERROR;
				CLANG_WARN_DOCUMENTATION_COMMENTS = YES;
				CLANG_WARN_EMPTY_BODY = YES;
				CLANG_WARN_ENUM_CONVERSION = YES;
				CLANG_WARN_INFINITE_RECURSION = YES;
				CLANG_WARN_INT_CONVERSION = YES;
				CLANG_WARN_NON_LITERAL_NULL_CONVERSION = YES;
				CLANG_WARN_OBJC_IMPLICIT_RETAIN_SELF = YES;
				CLANG_WARN_OBJC_LITERAL_CONVERSION = YES;
				CLANG_WARN_OBJC_ROOT_CLASS = YES_ERROR;
				CLANG_WARN_QUOTED_INCLUDE_IN_FRAMEWORK_HEADER = YES;
				CLANG_WARN_RANGE_LOOP_ANALYSIS = YES;
				CLANG_WARN_STRICT_PROTOTYPES = YES;
				CLANG_WARN_SUSPICIOUS_MOVE = YES;
				CLANG_WARN_UNGUARDED_AVAILABILITY = YES_AGGRESSIVE;
				CLANG_WARN_UNREACHABLE_CODE = YES;
				CLANG_WARN__DUPLICATE_METHOD_MATCH = YES;
				COPY_PHASE_STRIP = NO;
				DEBUG_INFORMATION_FORMAT = "dwarf-with-dsym";
				ENABLE_NS_ASSERTIONS = NO;
				ENABLE_STRICT_OBJC_MSGSEND = YES;
				GCC_C_LANGUAGE_STANDARD = gnu11;
				GCC_NO_COMMON_BLOCKS = YES;
				GCC_WARN_64_TO_32_BIT_CONVERSION = YES;
				GCC_WARN_ABOUT_RETURN_TYPE = YES_ERROR;
				GCC_WARN_UNDECLARED_SELECTOR = YES;
				GCC_WARN_UNINITIALIZED_AUTOS = YES_AGGRESSIVE;
				GCC_WARN_UNUSED_FUNCTION = YES;
				GCC_WARN_UNUSED_VARIABLE = YES;
				IPHONEOS_DEPLOYMENT_TARGET = 14.2;
				MTL_ENABLE_DEBUG_INFO = NO;
				MTL_FAST_MATH = YES;
				SDKROOT = iphoneos;
				SWIFT_COMPILATION_MODE = wholemodule;
				SWIFT_OPTIMIZATION_LEVEL = "-O";
				VALIDATE_PRODUCT = YES;
			};
			name = Release;
		};
		DB942F4F256AA35400CDA0C3 /* Debug */ = {
			isa = XCBuildConfiguration;
			buildSettings = {
				ASSETCATALOG_COMPILER_APPICON_NAME = AppIcon;
				ASSETCATALOG_COMPILER_GLOBAL_ACCENT_COLOR_NAME = AccentColor;
				CODE_SIGN_STYLE = Automatic;
				DEVELOPMENT_TEAM = F5BU4SAKG7;
				INFOPLIST_FILE = SudokoGame/Info.plist;
				IPHONEOS_DEPLOYMENT_TARGET = 14.2;
				LD_RUNPATH_SEARCH_PATHS = (
					"$(inherited)",
					"@executable_path/Frameworks",
				);
				PRODUCT_BUNDLE_IDENTIFIER = nl.vermeernet.SudokoGame;
				PRODUCT_NAME = "$(TARGET_NAME)";
				SWIFT_VERSION = 5.0;
				TARGETED_DEVICE_FAMILY = "1,2";
			};
			name = Debug;
		};
		DB942F50256AA35400CDA0C3 /* Release */ = {
			isa = XCBuildConfiguration;
			buildSettings = {
				ASSETCATALOG_COMPILER_APPICON_NAME = AppIcon;
				ASSETCATALOG_COMPILER_GLOBAL_ACCENT_COLOR_NAME = AccentColor;
				CODE_SIGN_STYLE = Automatic;
				DEVELOPMENT_TEAM = F5BU4SAKG7;
				INFOPLIST_FILE = SudokoGame/Info.plist;
				IPHONEOS_DEPLOYMENT_TARGET = 14.2;
				LD_RUNPATH_SEARCH_PATHS = (
					"$(inherited)",
					"@executable_path/Frameworks",
				);
				PRODUCT_BUNDLE_IDENTIFIER = nl.vermeernet.SudokoGame;
				PRODUCT_NAME = "$(TARGET_NAME)";
				SWIFT_VERSION = 5.0;
				TARGETED_DEVICE_FAMILY = "1,2";
			};
			name = Release;
		};
/* End XCBuildConfiguration section */

/* Begin XCConfigurationList section */
		DB942F35256AA35300CDA0C3 /* Build configuration list for PBXProject "SudokoGame" */ = {
			isa = XCConfigurationList;
			buildConfigurations = (
				DB942F4C256AA35400CDA0C3 /* Debug */,
				DB942F4D256AA35400CDA0C3 /* Release */,
			);
			defaultConfigurationIsVisible = 0;
			defaultConfigurationName = Release;
		};
		DB942F4E256AA35400CDA0C3 /* Build configuration list for PBXNativeTarget "SudokoGame" */ = {
			isa = XCConfigurationList;
			buildConfigurations = (
				DB942F4F256AA35400CDA0C3 /* Debug */,
				DB942F50256AA35400CDA0C3 /* Release */,
			);
			defaultConfigurationIsVisible = 0;
			defaultConfigurationName = Release;
		};
/* End XCConfigurationList section */
	};
	rootObject = DB942F32256AA35300CDA0C3 /* Project object */;
}
